
Microsoft Visual Studio Solution File, Format Version 12.00
# Visual Studio Version 17
VisualStudioVersion = 17.2.32526.322
MinimumVisualStudioVersion = 10.0.40219.1
Project("{8BC9CEB8-8B4A-11D0-8D11-00A0C91BC942}") = "数据结构与算法", "数据结构与算法\数据结构与算法.vcxproj", "{AF3E2CC2-46F8-40D2-81B6-10DA1A754D52}"
EndProject
Project("{8BC9CEB8-8B4A-11D0-8D11-00A0C91BC942}") = "图数据结构", "图数据结构\图数据结构.vcxproj", "{61E22C14-A150-408D-A178-3F99E93E4DAC}"
EndProject
Project("{8BC9CEB8-8B4A-11D0-8D11-00A0C91BC942}") = "算法实现", "算法实现\算法实现.vcxproj", "{DA26E865-B1BF-48C4-9D22-2574F1EA0227}"
EndProject
Project("{8BC9CEB8-8B4A-11D0-8D11-00A0C91BC942}") = "高级数据结构", "高级数据结构\高级数据结构.vcxproj", "{37F1AF41-905D-44BE-A621-469839CC7FE3}"
EndProject
Project("{8BC9CEB8-8B4A-11D0-8D11-00A0C91BC942}") = "测试", "测试\测试.vcxproj", "{A034EF51-24CD-43BF-9B79-360D80B24ED5}"
EndProject
Project("{8BC9CEB8-8B4A-11D0-8D11-00A0C91BC942}") = "Leetcode", "Leetcode\Leetcode.vcxproj", "{35B54249-F67E-425C-B747-B96F1C3D1E52}"
EndProject
Project("{8BC9CEB8-8B4A-11D0-8D11-00A0C91BC942}") = "动态规划", "动态规划\动态规划.vcxproj", "{39FF7A07-421D-4AEF-8A32-84BA28483F35}"
EndProject
Project("{8BC9CEB8-8B4A-11D0-8D11-00A0C91BC942}") = "贪心算法", "贪心算法\贪心算法.vcxproj", "{1B18AAA4-D402-492C-8700-D65270ECA0C2}"
EndProject
Project("{8BC9CEB8-8B4A-11D0-8D11-00A0C91BC942}") = "双指针算法", "双指针算法\双指针算法.vcxproj", "{A0C4E80E-D4D4-4BAA-940F-4516A56D6DE8}"
EndProject
Project("{8BC9CEB8-8B4A-11D0-8D11-00A0C91BC942}") = "318周赛", "周赛\周赛.vcxproj", "{CF5B7599-2CC9-466B-B7F5-0AEB7B6872CC}"
EndProject
Project("{8BC9CEB8-8B4A-11D0-8D11-00A0C91BC942}") = "搜索算法", "搜索算法\搜索算法.vcxproj", "{34086726-2106-4880-BE68-F8E359875C1D}"
EndProject
Project("{8BC9CEB8-8B4A-11D0-8D11-00A0C91BC942}") = "排序算法", "排序算法\排序算法.vcxproj", "{BACB65F7-F208-48A6-9B83-7EE5CB8D2568}"
EndProject
Project("{8BC9CEB8-8B4A-11D0-8D11-00A0C91BC942}") = "91双周赛", "91双周赛\91双周赛.vcxproj", "{E2568295-C6B7-431F-99A3-32322BF96F05}"
EndProject
Project("{8BC9CEB8-8B4A-11D0-8D11-00A0C91BC942}") = "319周赛", "319周赛\319周赛.vcxproj", "{4AD9AD12-7497-48B7-ADEE-C406C2CD0D20}"
EndProject
Project("{8BC9CEB8-8B4A-11D0-8D11-00A0C91BC942}") = "动态规划2", "动态规划2\动态规划2.vcxproj", "{3F438E90-CC1F-42DC-AAD9-A57259A9FCF8}"
EndProject
Project("{8BC9CEB8-8B4A-11D0-8D11-00A0C91BC942}") = "动态规划3", "动态规划3\动态规划3.vcxproj", "{B3BDFC70-81D2-458C-9CF3-F847516D6C13}"
EndProject
Project("{8BC9CEB8-8B4A-11D0-8D11-00A0C91BC942}") = "92双周赛", "92双周赛\92双周赛.vcxproj", "{6AE71B48-BED1-4610-81E2-F3F8B31CAF6D}"
EndProject
Global
	GlobalSection(SolutionConfigurationPlatforms) = preSolution
		Debug|ARM = Debug|ARM
		Debug|ARM64 = Debug|ARM64
		Debug|x64 = Debug|x64
		Debug|x86 = Debug|x86
		Release|ARM = Release|ARM
		Release|ARM64 = Release|ARM64
		Release|x64 = Release|x64
		Release|x86 = Release|x86
	EndGlobalSection
	GlobalSection(ProjectConfigurationPlatforms) = postSolution
		{AF3E2CC2-46F8-40D2-81B6-10DA1A754D52}.Debug|ARM.ActiveCfg = Debug|x64
		{AF3E2CC2-46F8-40D2-81B6-10DA1A754D52}.Debug|ARM.Build.0 = Debug|x64
		{AF3E2CC2-46F8-40D2-81B6-10DA1A754D52}.Debug|ARM64.ActiveCfg = Debug|x64
		{AF3E2CC2-46F8-40D2-81B6-10DA1A754D52}.Debug|ARM64.Build.0 = Debug|x64
		{AF3E2CC2-46F8-40D2-81B6-10DA1A754D52}.Debug|x64.ActiveCfg = Debug|x64
		{AF3E2CC2-46F8-40D2-81B6-10DA1A754D52}.Debug|x64.Build.0 = Debug|x64
		{AF3E2CC2-46F8-40D2-81B6-10DA1A754D52}.Debug|x86.ActiveCfg = Debug|Win32
		{AF3E2CC2-46F8-40D2-81B6-10DA1A754D52}.Debug|x86.Build.0 = Debug|Win32
		{AF3E2CC2-46F8-40D2-81B6-10DA1A754D52}.Release|ARM.ActiveCfg = Release|x64
		{AF3E2CC2-46F8-40D2-81B6-10DA1A754D52}.Release|ARM.Build.0 = Release|x64
		{AF3E2CC2-46F8-40D2-81B6-10DA1A754D52}.Release|ARM64.ActiveCfg = Release|x64
		{AF3E2CC2-46F8-40D2-81B6-10DA1A754D52}.Release|ARM64.Build.0 = Release|x64
		{AF3E2CC2-46F8-40D2-81B6-10DA1A754D52}.Release|x64.ActiveCfg = Release|x64
		{AF3E2CC2-46F8-40D2-81B6-10DA1A754D52}.Release|x64.Build.0 = Release|x64
		{AF3E2CC2-46F8-40D2-81B6-10DA1A754D52}.Release|x86.ActiveCfg = Release|Win32
		{AF3E2CC2-46F8-40D2-81B6-10DA1A754D52}.Release|x86.Build.0 = Release|Win32
		{61E22C14-A150-408D-A178-3F99E93E4DAC}.Debug|ARM.ActiveCfg = Debug|x64
		{61E22C14-A150-408D-A178-3F99E93E4DAC}.Debug|ARM.Build.0 = Debug|x64
		{61E22C14-A150-408D-A178-3F99E93E4DAC}.Debug|ARM64.ActiveCfg = Debug|x64
		{61E22C14-A150-408D-A178-3F99E93E4DAC}.Debug|ARM64.Build.0 = Debug|x64
		{61E22C14-A150-408D-A178-3F99E93E4DAC}.Debug|x64.ActiveCfg = Debug|x64
		{61E22C14-A150-408D-A178-3F99E93E4DAC}.Debug|x64.Build.0 = Debug|x64
		{61E22C14-A150-408D-A178-3F99E93E4DAC}.Debug|x86.ActiveCfg = Debug|Win32
		{61E22C14-A150-408D-A178-3F99E93E4DAC}.Debug|x86.Build.0 = Debug|Win32
		{61E22C14-A150-408D-A178-3F99E93E4DAC}.Release|ARM.ActiveCfg = Release|x64
		{61E22C14-A150-408D-A178-3F99E93E4DAC}.Release|ARM.Build.0 = Release|x64
		{61E22C14-A150-408D-A178-3F99E93E4DAC}.Release|ARM64.ActiveCfg = Release|x64
		{61E22C14-A150-408D-A178-3F99E93E4DAC}.Release|ARM64.Build.0 = Release|x64
		{61E22C14-A150-408D-A178-3F99E93E4DAC}.Release|x64.ActiveCfg = Release|x64
		{61E22C14-A150-408D-A178-3F99E93E4DAC}.Release|x64.Build.0 = Release|x64
		{61E22C14-A150-408D-A178-3F99E93E4DAC}.Release|x86.ActiveCfg = Release|Win32
		{61E22C14-A150-408D-A178-3F99E93E4DAC}.Release|x86.Build.0 = Release|Win32
		{DA26E865-B1BF-48C4-9D22-2574F1EA0227}.Debug|ARM.ActiveCfg = Debug|x64
		{DA26E865-B1BF-48C4-9D22-2574F1EA0227}.Debug|ARM.Build.0 = Debug|x64
		{DA26E865-B1BF-48C4-9D22-2574F1EA0227}.Debug|ARM64.ActiveCfg = Debug|x64
		{DA26E865-B1BF-48C4-9D22-2574F1EA0227}.Debug|ARM64.Build.0 = Debug|x64
		{DA26E865-B1BF-48C4-9D22-2574F1EA0227}.Debug|x64.ActiveCfg = Debug|x64
		{DA26E865-B1BF-48C4-9D22-2574F1EA0227}.Debug|x64.Build.0 = Debug|x64
		{DA26E865-B1BF-48C4-9D22-2574F1EA0227}.Debug|x86.ActiveCfg = Debug|Win32
		{DA26E865-B1BF-48C4-9D22-2574F1EA0227}.Debug|x86.Build.0 = Debug|Win32
		{DA26E865-B1BF-48C4-9D22-2574F1EA0227}.Release|ARM.ActiveCfg = Release|x64
		{DA26E865-B1BF-48C4-9D22-2574F1EA0227}.Release|ARM.Build.0 = Release|x64
		{DA26E865-B1BF-48C4-9D22-2574F1EA0227}.Release|ARM64.ActiveCfg = Release|x64
		{DA26E865-B1BF-48C4-9D22-2574F1EA0227}.Release|ARM64.Build.0 = Release|x64
		{DA26E865-B1BF-48C4-9D22-2574F1EA0227}.Release|x64.ActiveCfg = Release|x64
		{DA26E865-B1BF-48C4-9D22-2574F1EA0227}.Release|x64.Build.0 = Release|x64
		{DA26E865-B1BF-48C4-9D22-2574F1EA0227}.Release|x86.ActiveCfg = Release|Win32
		{DA26E865-B1BF-48C4-9D22-2574F1EA0227}.Release|x86.Build.0 = Release|Win32
		{37F1AF41-905D-44BE-A621-469839CC7FE3}.Debug|ARM.ActiveCfg = Debug|x64
		{37F1AF41-905D-44BE-A621-469839CC7FE3}.Debug|ARM.Build.0 = Debug|x64
		{37F1AF41-905D-44BE-A621-469839CC7FE3}.Debug|ARM64.ActiveCfg = Debug|x64
		{37F1AF41-905D-44BE-A621-469839CC7FE3}.Debug|ARM64.Build.0 = Debug|x64
		{37F1AF41-905D-44BE-A621-469839CC7FE3}.Debug|x64.ActiveCfg = Debug|x64
		{37F1AF41-905D-44BE-A621-469839CC7FE3}.Debug|x64.Build.0 = Debug|x64
		{37F1AF41-905D-44BE-A621-469839CC7FE3}.Debug|x86.ActiveCfg = Debug|Win32
		{37F1AF41-905D-44BE-A621-469839CC7FE3}.Debug|x86.Build.0 = Debug|Win32
		{37F1AF41-905D-44BE-A621-469839CC7FE3}.Release|ARM.ActiveCfg = Release|x64
		{37F1AF41-905D-44BE-A621-469839CC7FE3}.Release|ARM.Build.0 = Release|x64
		{37F1AF41-905D-44BE-A621-469839CC7FE3}.Release|ARM64.ActiveCfg = Release|x64
		{37F1AF41-905D-44BE-A621-469839CC7FE3}.Release|ARM64.Build.0 = Release|x64
		{37F1AF41-905D-44BE-A621-469839CC7FE3}.Release|x64.ActiveCfg = Release|x64
		{37F1AF41-905D-44BE-A621-469839CC7FE3}.Release|x64.Build.0 = Release|x64
		{37F1AF41-905D-44BE-A621-469839CC7FE3}.Release|x86.ActiveCfg = Release|Win32
		{37F1AF41-905D-44BE-A621-469839CC7FE3}.Release|x86.Build.0 = Release|Win32
		{A034EF51-24CD-43BF-9B79-360D80B24ED5}.Debug|ARM.ActiveCfg = Debug|x64
		{A034EF51-24CD-43BF-9B79-360D80B24ED5}.Debug|ARM.Build.0 = Debug|x64
		{A034EF51-24CD-43BF-9B79-360D80B24ED5}.Debug|ARM64.ActiveCfg = Debug|x64
		{A034EF51-24CD-43BF-9B79-360D80B24ED5}.Debug|ARM64.Build.0 = Debug|x64
		{A034EF51-24CD-43BF-9B79-360D80B24ED5}.Debug|x64.ActiveCfg = Debug|x64
		{A034EF51-24CD-43BF-9B79-360D80B24ED5}.Debug|x64.Build.0 = Debug|x64
		{A034EF51-24CD-43BF-9B79-360D80B24ED5}.Debug|x86.ActiveCfg = Debug|Win32
		{A034EF51-24CD-43BF-9B79-360D80B24ED5}.Debug|x86.Build.0 = Debug|Win32
		{A034EF51-24CD-43BF-9B79-360D80B24ED5}.Release|ARM.ActiveCfg = Release|x64
		{A034EF51-24CD-43BF-9B79-360D80B24ED5}.Release|ARM.Build.0 = Release|x64
		{A034EF51-24CD-43BF-9B79-360D80B24ED5}.Release|ARM64.ActiveCfg = Release|x64
		{A034EF51-24CD-43BF-9B79-360D80B24ED5}.Release|ARM64.Build.0 = Release|x64
		{A034EF51-24CD-43BF-9B79-360D80B24ED5}.Release|x64.ActiveCfg = Release|x64
		{A034EF51-24CD-43BF-9B79-360D80B24ED5}.Release|x64.Build.0 = Release|x64
		{A034EF51-24CD-43BF-9B79-360D80B24ED5}.Release|x86.ActiveCfg = Release|Win32
		{A034EF51-24CD-43BF-9B79-360D80B24ED5}.Release|x86.Build.0 = Release|Win32
		{35B54249-F67E-425C-B747-B96F1C3D1E52}.Debug|ARM.ActiveCfg = Debug|x64
		{35B54249-F67E-425C-B747-B96F1C3D1E52}.Debug|ARM.Build.0 = Debug|x64
		{35B54249-F67E-425C-B747-B96F1C3D1E52}.Debug|ARM64.ActiveCfg = Debug|x64
		{35B54249-F67E-425C-B747-B96F1C3D1E52}.Debug|ARM64.Build.0 = Debug|x64
		{35B54249-F67E-425C-B747-B96F1C3D1E52}.Debug|x64.ActiveCfg = Debug|x64
		{35B54249-F67E-425C-B747-B96F1C3D1E52}.Debug|x64.Build.0 = Debug|x64
		{35B54249-F67E-425C-B747-B96F1C3D1E52}.Debug|x86.ActiveCfg = Debug|Win32
		{35B54249-F67E-425C-B747-B96F1C3D1E52}.Debug|x86.Build.0 = Debug|Win32
		{35B54249-F67E-425C-B747-B96F1C3D1E52}.Release|ARM.ActiveCfg = Release|x64
		{35B54249-F67E-425C-B747-B96F1C3D1E52}.Release|ARM.Build.0 = Release|x64
		{35B54249-F67E-425C-B747-B96F1C3D1E52}.Release|ARM64.ActiveCfg = Release|x64
		{35B54249-F67E-425C-B747-B96F1C3D1E52}.Release|ARM64.Build.0 = Release|x64
		{35B54249-F67E-425C-B747-B96F1C3D1E52}.Release|x64.ActiveCfg = Release|x64
		{35B54249-F67E-425C-B747-B96F1C3D1E52}.Release|x64.Build.0 = Release|x64
		{35B54249-F67E-425C-B747-B96F1C3D1E52}.Release|x86.ActiveCfg = Release|Win32
		{35B54249-F67E-425C-B747-B96F1C3D1E52}.Release|x86.Build.0 = Release|Win32
		{39FF7A07-421D-4AEF-8A32-84BA28483F35}.Debug|ARM.ActiveCfg = Debug|x64
		{39FF7A07-421D-4AEF-8A32-84BA28483F35}.Debug|ARM.Build.0 = Debug|x64
		{39FF7A07-421D-4AEF-8A32-84BA28483F35}.Debug|ARM64.ActiveCfg = Debug|x64
		{39FF7A07-421D-4AEF-8A32-84BA28483F35}.Debug|ARM64.Build.0 = Debug|x64
		{39FF7A07-421D-4AEF-8A32-84BA28483F35}.Debug|x64.ActiveCfg = Debug|x64
		{39FF7A07-421D-4AEF-8A32-84BA28483F35}.Debug|x64.Build.0 = Debug|x64
		{39FF7A07-421D-4AEF-8A32-84BA28483F35}.Debug|x86.ActiveCfg = Debug|Win32
		{39FF7A07-421D-4AEF-8A32-84BA28483F35}.Debug|x86.Build.0 = Debug|Win32
		{39FF7A07-421D-4AEF-8A32-84BA28483F35}.Release|ARM.ActiveCfg = Release|x64
		{39FF7A07-421D-4AEF-8A32-84BA28483F35}.Release|ARM.Build.0 = Release|x64
		{39FF7A07-421D-4AEF-8A32-84BA28483F35}.Release|ARM64.ActiveCfg = Release|x64
		{39FF7A07-421D-4AEF-8A32-84BA28483F35}.Release|ARM64.Build.0 = Release|x64
		{39FF7A07-421D-4AEF-8A32-84BA28483F35}.Release|x64.ActiveCfg = Release|x64
		{39FF7A07-421D-4AEF-8A32-84BA28483F35}.Release|x64.Build.0 = Release|x64
		{39FF7A07-421D-4AEF-8A32-84BA28483F35}.Release|x86.ActiveCfg = Release|Win32
		{39FF7A07-421D-4AEF-8A32-84BA28483F35}.Release|x86.Build.0 = Release|Win32
		{1B18AAA4-D402-492C-8700-D65270ECA0C2}.Debug|ARM.ActiveCfg = Debug|x64
		{1B18AAA4-D402-492C-8700-D65270ECA0C2}.Debug|ARM.Build.0 = Debug|x64
		{1B18AAA4-D402-492C-8700-D65270ECA0C2}.Debug|ARM64.ActiveCfg = Debug|x64
		{1B18AAA4-D402-492C-8700-D65270ECA0C2}.Debug|ARM64.Build.0 = Debug|x64
		{1B18AAA4-D402-492C-8700-D65270ECA0C2}.Debug|x64.ActiveCfg = Debug|x64
		{1B18AAA4-D402-492C-8700-D65270ECA0C2}.Debug|x64.Build.0 = Debug|x64
		{1B18AAA4-D402-492C-8700-D65270ECA0C2}.Debug|x86.ActiveCfg = Debug|Win32
		{1B18AAA4-D402-492C-8700-D65270ECA0C2}.Debug|x86.Build.0 = Debug|Win32
		{1B18AAA4-D402-492C-8700-D65270ECA0C2}.Release|ARM.ActiveCfg = Release|x64
		{1B18AAA4-D402-492C-8700-D65270ECA0C2}.Release|ARM.Build.0 = Release|x64
		{1B18AAA4-D402-492C-8700-D65270ECA0C2}.Release|ARM64.ActiveCfg = Release|x64
		{1B18AAA4-D402-492C-8700-D65270ECA0C2}.Release|ARM64.Build.0 = Release|x64
		{1B18AAA4-D402-492C-8700-D65270ECA0C2}.Release|x64.ActiveCfg = Release|x64
		{1B18AAA4-D402-492C-8700-D65270ECA0C2}.Release|x64.Build.0 = Release|x64
		{1B18AAA4-D402-492C-8700-D65270ECA0C2}.Release|x86.ActiveCfg = Release|Win32
		{1B18AAA4-D402-492C-8700-D65270ECA0C2}.Release|x86.Build.0 = Release|Win32
		{A0C4E80E-D4D4-4BAA-940F-4516A56D6DE8}.Debug|ARM.ActiveCfg = Debug|x64
		{A0C4E80E-D4D4-4BAA-940F-4516A56D6DE8}.Debug|ARM.Build.0 = Debug|x64
		{A0C4E80E-D4D4-4BAA-940F-4516A56D6DE8}.Debug|ARM64.ActiveCfg = Debug|x64
		{A0C4E80E-D4D4-4BAA-940F-4516A56D6DE8}.Debug|ARM64.Build.0 = Debug|x64
		{A0C4E80E-D4D4-4BAA-940F-4516A56D6DE8}.Debug|x64.ActiveCfg = Debug|x64
		{A0C4E80E-D4D4-4BAA-940F-4516A56D6DE8}.Debug|x64.Build.0 = Debug|x64
		{A0C4E80E-D4D4-4BAA-940F-4516A56D6DE8}.Debug|x86.ActiveCfg = Debug|Win32
		{A0C4E80E-D4D4-4BAA-940F-4516A56D6DE8}.Debug|x86.Build.0 = Debug|Win32
		{A0C4E80E-D4D4-4BAA-940F-4516A56D6DE8}.Release|ARM.ActiveCfg = Release|x64
		{A0C4E80E-D4D4-4BAA-940F-4516A56D6DE8}.Release|ARM.Build.0 = Release|x64
		{A0C4E80E-D4D4-4BAA-940F-4516A56D6DE8}.Release|ARM64.ActiveCfg = Release|x64
		{A0C4E80E-D4D4-4BAA-940F-4516A56D6DE8}.Release|ARM64.Build.0 = Release|x64
		{A0C4E80E-D4D4-4BAA-940F-4516A56D6DE8}.Release|x64.ActiveCfg = Release|x64
		{A0C4E80E-D4D4-4BAA-940F-4516A56D6DE8}.Release|x64.Build.0 = Release|x64
		{A0C4E80E-D4D4-4BAA-940F-4516A56D6DE8}.Release|x86.ActiveCfg = Release|Win32
		{A0C4E80E-D4D4-4BAA-940F-4516A56D6DE8}.Release|x86.Build.0 = Release|Win32
		{CF5B7599-2CC9-466B-B7F5-0AEB7B6872CC}.Debug|ARM.ActiveCfg = Debug|x64
		{CF5B7599-2CC9-466B-B7F5-0AEB7B6872CC}.Debug|ARM.Build.0 = Debug|x64
		{CF5B7599-2CC9-466B-B7F5-0AEB7B6872CC}.Debug|ARM64.ActiveCfg = Debug|x64
		{CF5B7599-2CC9-466B-B7F5-0AEB7B6872CC}.Debug|ARM64.Build.0 = Debug|x64
		{CF5B7599-2CC9-466B-B7F5-0AEB7B6872CC}.Debug|x64.ActiveCfg = Debug|x64
		{CF5B7599-2CC9-466B-B7F5-0AEB7B6872CC}.Debug|x64.Build.0 = Debug|x64
		{CF5B7599-2CC9-466B-B7F5-0AEB7B6872CC}.Debug|x86.ActiveCfg = Debug|Win32
		{CF5B7599-2CC9-466B-B7F5-0AEB7B6872CC}.Debug|x86.Build.0 = Debug|Win32
		{CF5B7599-2CC9-466B-B7F5-0AEB7B6872CC}.Release|ARM.ActiveCfg = Release|x64
		{CF5B7599-2CC9-466B-B7F5-0AEB7B6872CC}.Release|ARM.Build.0 = Release|x64
		{CF5B7599-2CC9-466B-B7F5-0AEB7B6872CC}.Release|ARM64.ActiveCfg = Release|x64
		{CF5B7599-2CC9-466B-B7F5-0AEB7B6872CC}.Release|ARM64.Build.0 = Release|x64
		{CF5B7599-2CC9-466B-B7F5-0AEB7B6872CC}.Release|x64.ActiveCfg = Release|x64
		{CF5B7599-2CC9-466B-B7F5-0AEB7B6872CC}.Release|x64.Build.0 = Release|x64
		{CF5B7599-2CC9-466B-B7F5-0AEB7B6872CC}.Release|x86.ActiveCfg = Release|Win32
		{CF5B7599-2CC9-466B-B7F5-0AEB7B6872CC}.Release|x86.Build.0 = Release|Win32
		{34086726-2106-4880-BE68-F8E359875C1D}.Debug|ARM.ActiveCfg = Debug|x64
		{34086726-2106-4880-BE68-F8E359875C1D}.Debug|ARM.Build.0 = Debug|x64
		{34086726-2106-4880-BE68-F8E359875C1D}.Debug|ARM64.ActiveCfg = Debug|x64
		{34086726-2106-4880-BE68-F8E359875C1D}.Debug|ARM64.Build.0 = Debug|x64
		{34086726-2106-4880-BE68-F8E359875C1D}.Debug|x64.ActiveCfg = Debug|x64
		{34086726-2106-4880-BE68-F8E359875C1D}.Debug|x64.Build.0 = Debug|x64
		{34086726-2106-4880-BE68-F8E359875C1D}.Debug|x86.ActiveCfg = Debug|Win32
		{34086726-2106-4880-BE68-F8E359875C1D}.Debug|x86.Build.0 = Debug|Win32
		{34086726-2106-4880-BE68-F8E359875C1D}.Release|ARM.ActiveCfg = Release|x64
		{34086726-2106-4880-BE68-F8E359875C1D}.Release|ARM.Build.0 = Release|x64
		{34086726-2106-4880-BE68-F8E359875C1D}.Release|ARM64.ActiveCfg = Release|x64
		{34086726-2106-4880-BE68-F8E359875C1D}.Release|ARM64.Build.0 = Release|x64
		{34086726-2106-4880-BE68-F8E359875C1D}.Release|x64.ActiveCfg = Release|x64
		{34086726-2106-4880-BE68-F8E359875C1D}.Release|x64.Build.0 = Release|x64
		{34086726-2106-4880-BE68-F8E359875C1D}.Release|x86.ActiveCfg = Release|Win32
		{34086726-2106-4880-BE68-F8E359875C1D}.Release|x86.Build.0 = Release|Win32
		{BACB65F7-F208-48A6-9B83-7EE5CB8D2568}.Debug|ARM.ActiveCfg = Debug|x64
		{BACB65F7-F208-48A6-9B83-7EE5CB8D2568}.Debug|ARM.Build.0 = Debug|x64
		{BACB65F7-F208-48A6-9B83-7EE5CB8D2568}.Debug|ARM64.ActiveCfg = Debug|x64
		{BACB65F7-F208-48A6-9B83-7EE5CB8D2568}.Debug|ARM64.Build.0 = Debug|x64
		{BACB65F7-F208-48A6-9B83-7EE5CB8D2568}.Debug|x64.ActiveCfg = Debug|x64
		{BACB65F7-F208-48A6-9B83-7EE5CB8D2568}.Debug|x64.Build.0 = Debug|x64
		{BACB65F7-F208-48A6-9B83-7EE5CB8D2568}.Debug|x86.ActiveCfg = Debug|Win32
		{BACB65F7-F208-48A6-9B83-7EE5CB8D2568}.Debug|x86.Build.0 = Debug|Win32
		{BACB65F7-F208-48A6-9B83-7EE5CB8D2568}.Release|ARM.ActiveCfg = Release|x64
		{BACB65F7-F208-48A6-9B83-7EE5CB8D2568}.Release|ARM.Build.0 = Release|x64
		{BACB65F7-F208-48A6-9B83-7EE5CB8D2568}.Release|ARM64.ActiveCfg = Release|x64
		{BACB65F7-F208-48A6-9B83-7EE5CB8D2568}.Release|ARM64.Build.0 = Release|x64
		{BACB65F7-F208-48A6-9B83-7EE5CB8D2568}.Release|x64.ActiveCfg = Release|x64
		{BACB65F7-F208-48A6-9B83-7EE5CB8D2568}.Release|x64.Build.0 = Release|x64
		{BACB65F7-F208-48A6-9B83-7EE5CB8D2568}.Release|x86.ActiveCfg = Release|Win32
		{BACB65F7-F208-48A6-9B83-7EE5CB8D2568}.Release|x86.Build.0 = Release|Win32
		{E2568295-C6B7-431F-99A3-32322BF96F05}.Debug|ARM.ActiveCfg = Debug|x64
		{E2568295-C6B7-431F-99A3-32322BF96F05}.Debug|ARM.Build.0 = Debug|x64
		{E2568295-C6B7-431F-99A3-32322BF96F05}.Debug|ARM64.ActiveCfg = Debug|x64
		{E2568295-C6B7-431F-99A3-32322BF96F05}.Debug|ARM64.Build.0 = Debug|x64
		{E2568295-C6B7-431F-99A3-32322BF96F05}.Debug|x64.ActiveCfg = Debug|x64
		{E2568295-C6B7-431F-99A3-32322BF96F05}.Debug|x64.Build.0 = Debug|x64
		{E2568295-C6B7-431F-99A3-32322BF96F05}.Debug|x86.ActiveCfg = Debug|Win32
		{E2568295-C6B7-431F-99A3-32322BF96F05}.Debug|x86.Build.0 = Debug|Win32
		{E2568295-C6B7-431F-99A3-32322BF96F05}.Release|ARM.ActiveCfg = Release|x64
		{E2568295-C6B7-431F-99A3-32322BF96F05}.Release|ARM.Build.0 = Release|x64
		{E2568295-C6B7-431F-99A3-32322BF96F05}.Release|ARM64.ActiveCfg = Release|x64
		{E2568295-C6B7-431F-99A3-32322BF96F05}.Release|ARM64.Build.0 = Release|x64
		{E2568295-C6B7-431F-99A3-32322BF96F05}.Release|x64.ActiveCfg = Release|x64
		{E2568295-C6B7-431F-99A3-32322BF96F05}.Release|x64.Build.0 = Release|x64
		{E2568295-C6B7-431F-99A3-32322BF96F05}.Release|x86.ActiveCfg = Release|Win32
		{E2568295-C6B7-431F-99A3-32322BF96F05}.Release|x86.Build.0 = Release|Win32
		{4AD9AD12-7497-48B7-ADEE-C406C2CD0D20}.Debug|ARM.ActiveCfg = Debug|x64
		{4AD9AD12-7497-48B7-ADEE-C406C2CD0D20}.Debug|ARM.Build.0 = Debug|x64
		{4AD9AD12-7497-48B7-ADEE-C406C2CD0D20}.Debug|ARM64.ActiveCfg = Debug|x64
		{4AD9AD12-7497-48B7-ADEE-C406C2CD0D20}.Debug|ARM64.Build.0 = Debug|x64
		{4AD9AD12-7497-48B7-ADEE-C406C2CD0D20}.Debug|x64.ActiveCfg = Debug|x64
		{4AD9AD12-7497-48B7-ADEE-C406C2CD0D20}.Debug|x64.Build.0 = Debug|x64
		{4AD9AD12-7497-48B7-ADEE-C406C2CD0D20}.Debug|x86.ActiveCfg = Debug|Win32
		{4AD9AD12-7497-48B7-ADEE-C406C2CD0D20}.Debug|x86.Build.0 = Debug|Win32
		{4AD9AD12-7497-48B7-ADEE-C406C2CD0D20}.Release|ARM.ActiveCfg = Release|x64
		{4AD9AD12-7497-48B7-ADEE-C406C2CD0D20}.Release|ARM.Build.0 = Release|x64
		{4AD9AD12-7497-48B7-ADEE-C406C2CD0D20}.Release|ARM64.ActiveCfg = Release|x64
		{4AD9AD12-7497-48B7-ADEE-C406C2CD0D20}.Release|ARM64.Build.0 = Release|x64
		{4AD9AD12-7497-48B7-ADEE-C406C2CD0D20}.Release|x64.ActiveCfg = Release|x64
		{4AD9AD12-7497-48B7-ADEE-C406C2CD0D20}.Release|x64.Build.0 = Release|x64
		{4AD9AD12-7497-48B7-ADEE-C406C2CD0D20}.Release|x86.ActiveCfg = Release|Win32
		{4AD9AD12-7497-48B7-ADEE-C406C2CD0D20}.Release|x86.Build.0 = Release|Win32
		{3F438E90-CC1F-42DC-AAD9-A57259A9FCF8}.Debug|ARM.ActiveCfg = Debug|x64
		{3F438E90-CC1F-42DC-AAD9-A57259A9FCF8}.Debug|ARM.Build.0 = Debug|x64
		{3F438E90-CC1F-42DC-AAD9-A57259A9FCF8}.Debug|ARM64.ActiveCfg = Debug|x64
		{3F438E90-CC1F-42DC-AAD9-A57259A9FCF8}.Debug|ARM64.Build.0 = Debug|x64
		{3F438E90-CC1F-42DC-AAD9-A57259A9FCF8}.Debug|x64.ActiveCfg = Debug|x64
		{3F438E90-CC1F-42DC-AAD9-A57259A9FCF8}.Debug|x64.Build.0 = Debug|x64
		{3F438E90-CC1F-42DC-AAD9-A57259A9FCF8}.Debug|x86.ActiveCfg = Debug|Win32
		{3F438E90-CC1F-42DC-AAD9-A57259A9FCF8}.Debug|x86.Build.0 = Debug|Win32
		{3F438E90-CC1F-42DC-AAD9-A57259A9FCF8}.Release|ARM.ActiveCfg = Release|x64
		{3F438E90-CC1F-42DC-AAD9-A57259A9FCF8}.Release|ARM.Build.0 = Release|x64
		{3F438E90-CC1F-42DC-AAD9-A57259A9FCF8}.Release|ARM64.ActiveCfg = Release|x64
		{3F438E90-CC1F-42DC-AAD9-A57259A9FCF8}.Release|ARM64.Build.0 = Release|x64
		{3F438E90-CC1F-42DC-AAD9-A57259A9FCF8}.Release|x64.ActiveCfg = Release|x64
		{3F438E90-CC1F-42DC-AAD9-A57259A9FCF8}.Release|x64.Build.0 = Release|x64
		{3F438E90-CC1F-42DC-AAD9-A57259A9FCF8}.Release|x86.ActiveCfg = Release|Win32
		{3F438E90-CC1F-42DC-AAD9-A57259A9FCF8}.Release|x86.Build.0 = Release|Win32
		{B3BDFC70-81D2-458C-9CF3-F847516D6C13}.Debug|ARM.ActiveCfg = Debug|x64
		{B3BDFC70-81D2-458C-9CF3-F847516D6C13}.Debug|ARM.Build.0 = Debug|x64
		{B3BDFC70-81D2-458C-9CF3-F847516D6C13}.Debug|ARM64.ActiveCfg = Debug|x64
		{B3BDFC70-81D2-458C-9CF3-F847516D6C13}.Debug|ARM64.Build.0 = Debug|x64
		{B3BDFC70-81D2-458C-9CF3-F847516D6C13}.Debug|x64.ActiveCfg = Debug|x64
		{B3BDFC70-81D2-458C-9CF3-F847516D6C13}.Debug|x64.Build.0 = Debug|x64
		{B3BDFC70-81D2-458C-9CF3-F847516D6C13}.Debug|x86.ActiveCfg = Debug|Win32
		{B3BDFC70-81D2-458C-9CF3-F847516D6C13}.Debug|x86.Build.0 = Debug|Win32
		{B3BDFC70-81D2-458C-9CF3-F847516D6C13}.Release|ARM.ActiveCfg = Release|x64
		{B3BDFC70-81D2-458C-9CF3-F847516D6C13}.Release|ARM.Build.0 = Release|x64
		{B3BDFC70-81D2-458C-9CF3-F847516D6C13}.Release|ARM64.ActiveCfg = Release|x64
		{B3BDFC70-81D2-458C-9CF3-F847516D6C13}.Release|ARM64.Build.0 = Release|x64
		{B3BDFC70-81D2-458C-9CF3-F847516D6C13}.Release|x64.ActiveCfg = Release|x64
		{B3BDFC70-81D2-458C-9CF3-F847516D6C13}.Release|x64.Build.0 = Release|x64
		{B3BDFC70-81D2-458C-9CF3-F847516D6C13}.Release|x86.ActiveCfg = Release|Win32
		{B3BDFC70-81D2-458C-9CF3-F847516D6C13}.Release|x86.Build.0 = Release|Win32
		{6AE71B48-BED1-4610-81E2-F3F8B31CAF6D}.Debug|ARM.ActiveCfg = Debug|x64
		{6AE71B48-BED1-4610-81E2-F3F8B31CAF6D}.Debug|ARM.Build.0 = Debug|x64
		{6AE71B48-BED1-4610-81E2-F3F8B31CAF6D}.Debug|ARM64.ActiveCfg = Debug|x64
		{6AE71B48-BED1-4610-81E2-F3F8B31CAF6D}.Debug|ARM64.Build.0 = Debug|x64
		{6AE71B48-BED1-4610-81E2-F3F8B31CAF6D}.Debug|x64.ActiveCfg = Debug|x64
		{6AE71B48-BED1-4610-81E2-F3F8B31CAF6D}.Debug|x64.Build.0 = Debug|x64
		{6AE71B48-BED1-4610-81E2-F3F8B31CAF6D}.Debug|x86.ActiveCfg = Debug|Win32
		{6AE71B48-BED1-4610-81E2-F3F8B31CAF6D}.Debug|x86.Build.0 = Debug|Win32
		{6AE71B48-BED1-4610-81E2-F3F8B31CAF6D}.Release|ARM.ActiveCfg = Release|x64
		{6AE71B48-BED1-4610-81E2-F3F8B31CAF6D}.Release|ARM.Build.0 = Release|x64
		{6AE71B48-BED1-4610-81E2-F3F8B31CAF6D}.Release|ARM64.ActiveCfg = Release|x64
		{6AE71B48-BED1-4610-81E2-F3F8B31CAF6D}.Release|ARM64.Build.0 = Release|x64
		{6AE71B48-BED1-4610-81E2-F3F8B31CAF6D}.Release|x64.ActiveCfg = Release|x64
		{6AE71B48-BED1-4610-81E2-F3F8B31CAF6D}.Release|x64.Build.0 = Release|x64
		{6AE71B48-BED1-4610-81E2-F3F8B31CAF6D}.Release|x86.ActiveCfg = Release|Win32
		{6AE71B48-BED1-4610-81E2-F3F8B31CAF6D}.Release|x86.Build.0 = Release|Win32
	EndGlobalSection
	GlobalSection(SolutionProperties) = preSolution
		HideSolutionNode = FALSE
	EndGlobalSection
	GlobalSection(ExtensibilityGlobals) = postSolution
		SolutionGuid = {880E798D-C33B-498F-B4FE-D1904E6295CC}
	EndGlobalSection
EndGlobal
